
Microsoft Visual Studio Solution File, Format Version 12.00
# Visual Studio Version 16
VisualStudioVersion = 16.0.30225.117
MinimumVisualStudioVersion = 10.0.40219.1
Project("{2150E333-8FDC-42A3-9474-1A3956D46DE8}") = "Cross", "Cross", "{8740C50B-769E-4FFB-B448-19002ED17768}"
EndProject
Project("{2150E333-8FDC-42A3-9474-1A3956D46DE8}") = "Projects", "Projects", "{92380F30-E822-4474-947E-A655F5A12A26}"
EndProject
Project("{2150E333-8FDC-42A3-9474-1A3956D46DE8}") = "Gateway", "Gateway", "{4A9A8C8B-969E-426E-ACC6-E4992B2C0210}"
EndProject
Project("{2150E333-8FDC-42A3-9474-1A3956D46DE8}") = "Microservices", "Microservices", "{19F1E9BF-C460-4556-90F7-CA77DF8C52FB}"
EndProject
Project("{2150E333-8FDC-42A3-9474-1A3956D46DE8}") = "1. Security", "1. Security", "{001DD56F-D0E2-4914-A1B4-80AEF89A843E}"
EndProject
Project("{2150E333-8FDC-42A3-9474-1A3956D46DE8}") = "2. Invoice", "2. Invoice", "{A7185F22-76EC-4CEF-9926-906495649FFF}"
EndProject
Project("{2150E333-8FDC-42A3-9474-1A3956D46DE8}") = "3. Pay", "3. Pay", "{60C4676F-D53C-48F9-AB88-8B217E86C06C}"
EndProject
Project("{2150E333-8FDC-42A3-9474-1A3956D46DE8}") = "4. Transaction", "4. Transaction", "{62D5A9EB-241C-4A2B-9FDC-77F9CFC357F7}"
EndProject
Project("{9A19103F-16F7-4668-BE54-9A1E7A4F7556}") = "AFORO255.MS.TEST.SECURITY", "AFORO255.MS.TEST.SECURITY\AFORO255.MS.TEST.SECURITY.csproj", "{A2193260-3B3A-4B1F-B5A0-06888C9C4681}"
EndProject
Project("{9A19103F-16F7-4668-BE54-9A1E7A4F7556}") = "MS.AFORO255.Cross.Jwt", "MS.AFORO255.Cross.Jwt\MS.AFORO255.Cross.Jwt.csproj", "{595CA035-ACAE-46B0-A2B3-97C43167E53D}"
EndProject
Project("{9A19103F-16F7-4668-BE54-9A1E7A4F7556}") = "AFORO255.MS.TEST.INVOICE", "AFORO255.MS.TEST.INVOICE\AFORO255.MS.TEST.INVOICE.csproj", "{82C8ABD8-329D-416D-B6EE-87B84C842BF3}"
EndProject
Project("{9A19103F-16F7-4668-BE54-9A1E7A4F7556}") = "AFORO255.MS.TEST.PAY", "AFORO255.MS.TEST.PAY\AFORO255.MS.TEST.PAY.csproj", "{51800E22-4F4D-48B8-9944-4189525F237F}"
EndProject
Project("{9A19103F-16F7-4668-BE54-9A1E7A4F7556}") = "AFORO255.MS.TEST.TRANSACTION", "AFORO255.MS.TEST.TRANSACTION\AFORO255.MS.TEST.TRANSACTION.csproj", "{D90E84C2-6684-411D-891D-0CFD468223B9}"
EndProject
Project("{9A19103F-16F7-4668-BE54-9A1E7A4F7556}") = "MS.AFORO255.Cross.RabbitMQ", "MS.AFORO255.Cross.RabbitMQ\MS.AFORO255.Cross.RabbitMQ.csproj", "{B197093A-7E04-4213-878E-A14770DFAF9A}"
EndProject
Project("{9A19103F-16F7-4668-BE54-9A1E7A4F7556}") = "AFORO255.MS.TEST.GATEWAY", "AFORO255.MS.TEST.GATEWAY\AFORO255.MS.TEST.GATEWAY.csproj", "{24E1FA23-6BA5-4E08-BFDD-DF20BB63DE7B}"
EndProject
Project("{9A19103F-16F7-4668-BE54-9A1E7A4F7556}") = "MS.AFORO255.Cross.Consul", "MS.AFORO255.Cross.Consul\MS.AFORO255.Cross.Consul.csproj", "{D16C61DE-B4A1-4002-BEA2-CA852EF89D3E}"
EndProject
Global
	GlobalSection(SolutionConfigurationPlatforms) = preSolution
		Debug|Any CPU = Debug|Any CPU
		Release|Any CPU = Release|Any CPU
	EndGlobalSection
	GlobalSection(ProjectConfigurationPlatforms) = postSolution
		{A2193260-3B3A-4B1F-B5A0-06888C9C4681}.Debug|Any CPU.ActiveCfg = Debug|Any CPU
		{A2193260-3B3A-4B1F-B5A0-06888C9C4681}.Debug|Any CPU.Build.0 = Debug|Any CPU
		{A2193260-3B3A-4B1F-B5A0-06888C9C4681}.Release|Any CPU.ActiveCfg = Release|Any CPU
		{A2193260-3B3A-4B1F-B5A0-06888C9C4681}.Release|Any CPU.Build.0 = Release|Any CPU
		{595CA035-ACAE-46B0-A2B3-97C43167E53D}.Debug|Any CPU.ActiveCfg = Debug|Any CPU
		{595CA035-ACAE-46B0-A2B3-97C43167E53D}.Debug|Any CPU.Build.0 = Debug|Any CPU
		{595CA035-ACAE-46B0-A2B3-97C43167E53D}.Release|Any CPU.ActiveCfg = Release|Any CPU
		{595CA035-ACAE-46B0-A2B3-97C43167E53D}.Release|Any CPU.Build.0 = Release|Any CPU
		{82C8ABD8-329D-416D-B6EE-87B84C842BF3}.Debug|Any CPU.ActiveCfg = Debug|Any CPU
		{82C8ABD8-329D-416D-B6EE-87B84C842BF3}.Debug|Any CPU.Build.0 = Debug|Any CPU
		{82C8ABD8-329D-416D-B6EE-87B84C842BF3}.Release|Any CPU.ActiveCfg = Release|Any CPU
		{82C8ABD8-329D-416D-B6EE-87B84C842BF3}.Release|Any CPU.Build.0 = Release|Any CPU
		{51800E22-4F4D-48B8-9944-4189525F237F}.Debug|Any CPU.ActiveCfg = Debug|Any CPU
		{51800E22-4F4D-48B8-9944-4189525F237F}.Debug|Any CPU.Build.0 = Debug|Any CPU
		{51800E22-4F4D-48B8-9944-4189525F237F}.Release|Any CPU.ActiveCfg = Release|Any CPU
		{51800E22-4F4D-48B8-9944-4189525F237F}.Release|Any CPU.Build.0 = Release|Any CPU
		{D90E84C2-6684-411D-891D-0CFD468223B9}.Debug|Any CPU.ActiveCfg = Debug|Any CPU
		{D90E84C2-6684-411D-891D-0CFD468223B9}.Debug|Any CPU.Build.0 = Debug|Any CPU
		{D90E84C2-6684-411D-891D-0CFD468223B9}.Release|Any CPU.ActiveCfg = Release|Any CPU
		{D90E84C2-6684-411D-891D-0CFD468223B9}.Release|Any CPU.Build.0 = Release|Any CPU
		{B197093A-7E04-4213-878E-A14770DFAF9A}.Debug|Any CPU.ActiveCfg = Debug|Any CPU
		{B197093A-7E04-4213-878E-A14770DFAF9A}.Debug|Any CPU.Build.0 = Debug|Any CPU
		{B197093A-7E04-4213-878E-A14770DFAF9A}.Release|Any CPU.ActiveCfg = Release|Any CPU
		{B197093A-7E04-4213-878E-A14770DFAF9A}.Release|Any CPU.Build.0 = Release|Any CPU
		{24E1FA23-6BA5-4E08-BFDD-DF20BB63DE7B}.Debug|Any CPU.ActiveCfg = Debug|Any CPU
		{24E1FA23-6BA5-4E08-BFDD-DF20BB63DE7B}.Debug|Any CPU.Build.0 = Debug|Any CPU
		{24E1FA23-6BA5-4E08-BFDD-DF20BB63DE7B}.Release|Any CPU.ActiveCfg = Release|Any CPU
		{24E1FA23-6BA5-4E08-BFDD-DF20BB63DE7B}.Release|Any CPU.Build.0 = Release|Any CPU
		{D16C61DE-B4A1-4002-BEA2-CA852EF89D3E}.Debug|Any CPU.ActiveCfg = Debug|Any CPU
		{D16C61DE-B4A1-4002-BEA2-CA852EF89D3E}.Debug|Any CPU.Build.0 = Debug|Any CPU
		{D16C61DE-B4A1-4002-BEA2-CA852EF89D3E}.Release|Any CPU.ActiveCfg = Release|Any CPU
		{D16C61DE-B4A1-4002-BEA2-CA852EF89D3E}.Release|Any CPU.Build.0 = Release|Any CPU
	EndGlobalSection
	GlobalSection(SolutionProperties) = preSolution
		HideSolutionNode = FALSE
	EndGlobalSection
	GlobalSection(NestedProjects) = preSolution
		{4A9A8C8B-969E-426E-ACC6-E4992B2C0210} = {92380F30-E822-4474-947E-A655F5A12A26}
		{19F1E9BF-C460-4556-90F7-CA77DF8C52FB} = {92380F30-E822-4474-947E-A655F5A12A26}
		{001DD56F-D0E2-4914-A1B4-80AEF89A843E} = {19F1E9BF-C460-4556-90F7-CA77DF8C52FB}
		{A7185F22-76EC-4CEF-9926-906495649FFF} = {19F1E9BF-C460-4556-90F7-CA77DF8C52FB}
		{60C4676F-D53C-48F9-AB88-8B217E86C06C} = {19F1E9BF-C460-4556-90F7-CA77DF8C52FB}
		{62D5A9EB-241C-4A2B-9FDC-77F9CFC357F7} = {19F1E9BF-C460-4556-90F7-CA77DF8C52FB}
		{A2193260-3B3A-4B1F-B5A0-06888C9C4681} = {001DD56F-D0E2-4914-A1B4-80AEF89A843E}
		{595CA035-ACAE-46B0-A2B3-97C43167E53D} = {8740C50B-769E-4FFB-B448-19002ED17768}
		{82C8ABD8-329D-416D-B6EE-87B84C842BF3} = {A7185F22-76EC-4CEF-9926-906495649FFF}
		{51800E22-4F4D-48B8-9944-4189525F237F} = {60C4676F-D53C-48F9-AB88-8B217E86C06C}
		{D90E84C2-6684-411D-891D-0CFD468223B9} = {62D5A9EB-241C-4A2B-9FDC-77F9CFC357F7}
		{B197093A-7E04-4213-878E-A14770DFAF9A} = {8740C50B-769E-4FFB-B448-19002ED17768}
		{24E1FA23-6BA5-4E08-BFDD-DF20BB63DE7B} = {4A9A8C8B-969E-426E-ACC6-E4992B2C0210}
		{D16C61DE-B4A1-4002-BEA2-CA852EF89D3E} = {8740C50B-769E-4FFB-B448-19002ED17768}
	EndGlobalSection
	GlobalSection(ExtensibilityGlobals) = postSolution
		SolutionGuid = {4D98E98A-7A41-4520-A8F0-20AB585AC094}
	EndGlobalSection
EndGlobal
